
Microsoft Visual Studio Solution File, Format Version 12.00
# Visual Studio Version 17
VisualStudioVersion = 17.7.34221.43
MinimumVisualStudioVersion = 10.0.40219.1
Project("{FAE04EC0-301F-11D3-BF4B-00C04F79EFBC}") = "Back-TechGuardians", "Back-TechGuardians\Back-TechGuardians.csproj", "{DFFDDB27-0AEB-4A1C-95C3-42E64DB1907F}"
EndProject
Global
	GlobalSection(SolutionConfigurationPlatforms) = preSolution
		Debug|Any CPU = Debug|Any CPU
		Release|Any CPU = Release|Any CPU
	EndGlobalSection
	GlobalSection(ProjectConfigurationPlatforms) = postSolution
		{DFFDDB27-0AEB-4A1C-95C3-42E64DB1907F}.Debug|Any CPU.ActiveCfg = Debug|Any CPU
		{DFFDDB27-0AEB-4A1C-95C3-42E64DB1907F}.Debug|Any CPU.Build.0 = Debug|Any CPU
		{DFFDDB27-0AEB-4A1C-95C3-42E64DB1907F}.Release|Any CPU.ActiveCfg = Release|Any CPU
		{DFFDDB27-0AEB-4A1C-95C3-42E64DB1907F}.Release|Any CPU.Build.0 = Release|Any CPU
	EndGlobalSection
	GlobalSection(SolutionProperties) = preSolution
		HideSolutionNode = FALSE
	EndGlobalSection
	GlobalSection(ExtensibilityGlobals) = postSolution
		SolutionGuid = {877ED827-3741-497C-B4F6-05C25F0A9F16}
	EndGlobalSection
EndGlobal
